// !$*UTF8*$!
{
	archiveVersion = 1;
	classes = {
	};
	objectVersion = 46;
	objects = {

/* Begin PBXBuildFile section */
		2C06404314C782DF00A9B33F /* FontFile.m in Sources */ = {isa = PBXBuildFile; fileRef = 2C06404214C782DF00A9B33F /* FontFile.m */; };
		2C0E15AC13589B0B004096C7 /* UIKit.framework in Frameworks */ = {isa = PBXBuildFile; fileRef = 2C0E15AB13589B0B004096C7 /* UIKit.framework */; };
		2C0E15AE13589B0B004096C7 /* Foundation.framework in Frameworks */ = {isa = PBXBuildFile; fileRef = 2C0E15AD13589B0B004096C7 /* Foundation.framework */; };
		2C0E15B013589B0B004096C7 /* CoreGraphics.framework in Frameworks */ = {isa = PBXBuildFile; fileRef = 2C0E15AF13589B0B004096C7 /* CoreGraphics.framework */; };
		2C265927154D9C3900E11745 /* RenderingStateStack.m in Sources */ = {isa = PBXBuildFile; fileRef = 2C265926154D9C3900E11745 /* RenderingStateStack.m */; };
		2C38D8E713EF370700718B0D /* Security.framework in Frameworks */ = {isa = PBXBuildFile; fileRef = 2C38D8E613EF370700718B0D /* Security.framework */; };
		2C47505F13F3E48200BC2DB9 /* DocumentsView.m in Sources */ = {isa = PBXBuildFile; fileRef = 2C47505D13F3E48200BC2DB9 /* DocumentsView.m */; };
		2C60BDC214F122E600F0846E /* Sample.cmap in Resources */ = {isa = PBXBuildFile; fileRef = 2C60BDC114F122E600F0846E /* Sample.cmap */; };
		2C60BDC314F122E600F0846E /* Sample.cmap in Resources */ = {isa = PBXBuildFile; fileRef = 2C60BDC114F122E600F0846E /* Sample.cmap */; };
		2C754C9E14B3A1D700105B5E /* SenTestingKit.framework in Frameworks */ = {isa = PBXBuildFile; fileRef = 2C754C9D14B3A1D700105B5E /* SenTestingKit.framework */; };
		2C754C9F14B3A1D700105B5E /* UIKit.framework in Frameworks */ = {isa = PBXBuildFile; fileRef = 2C0E15AB13589B0B004096C7 /* UIKit.framework */; };
		2C754CA014B3A1D700105B5E /* Foundation.framework in Frameworks */ = {isa = PBXBuildFile; fileRef = 2C0E15AD13589B0B004096C7 /* Foundation.framework */; };
		2C754CA614B3A1D700105B5E /* InfoPlist.strings in Resources */ = {isa = PBXBuildFile; fileRef = 2C754CA414B3A1D700105B5E /* InfoPlist.strings */; };
		2C754CA914B3A1D700105B5E /* KittenTest.m in Sources */ = {isa = PBXBuildFile; fileRef = 2C754CA814B3A1D700105B5E /* KittenTest.m */; };
		2C77F7B41442381300767E6A /* Kurt the Cat.pdf in Resources */ = {isa = PBXBuildFile; fileRef = 2C77F7B31442381300767E6A /* Kurt the Cat.pdf */; };
		2C855590137B336C00D58482 /* QuartzCore.framework in Frameworks */ = {isa = PBXBuildFile; fileRef = 2C85558F137B336C00D58482 /* QuartzCore.framework */; };
		2CA0FC9413EEB11B0028DCCD /* RootViewController.m in Sources */ = {isa = PBXBuildFile; fileRef = 2CA0FC9313EEB11B0028DCCD /* RootViewController.m */; };
		2CA0FC9713EEB1210028DCCD /* PDFPage.m in Sources */ = {isa = PBXBuildFile; fileRef = 2CA0FC9613EEB1210028DCCD /* PDFPage.m */; };
		2CA0FCA113EEB1B80028DCCD /* Page.m in Sources */ = {isa = PBXBuildFile; fileRef = 2CA0FCA013EEB1B80028DCCD /* Page.m */; };
		2CA0FCA513EEB1C00028DCCD /* PageViewController.m in Sources */ = {isa = PBXBuildFile; fileRef = 2CA0FCA313EEB1C00028DCCD /* PageViewController.m */; };
		2CA0FCA613EEB1C00028DCCD /* PageViewController.xib in Resources */ = {isa = PBXBuildFile; fileRef = 2CA0FCA413EEB1C00028DCCD /* PageViewController.xib */; };
		2CC77EC114560E2E000E9B8E /* PDFPageDetailsView.m in Sources */ = {isa = PBXBuildFile; fileRef = 2CC77EC014560E2E000E9B8E /* PDFPageDetailsView.m */; };
		2CDC3F65138972E5006CC6FB /* StringDetector.m in Sources */ = {isa = PBXBuildFile; fileRef = 2CDC3F64138972E5006CC6FB /* StringDetector.m */; };
		2CDC3F80138977C1006CC6FB /* InfoPlist.strings in Resources */ = {isa = PBXBuildFile; fileRef = 2CDC3F7A138977C0006CC6FB /* InfoPlist.strings */; };
		2CDC3F81138977C1006CC6FB /* MainWindow.xib in Resources */ = {isa = PBXBuildFile; fileRef = 2CDC3F7C138977C0006CC6FB /* MainWindow.xib */; };
		2CDEEDA415794E510043BCBC /* BMSearcher.m in Sources */ = {isa = PBXBuildFile; fileRef = 2CDEEDA315794E510043BCBC /* BMSearcher.m */; };
		2CDEEDA815794E9C0043BCBC /* TestBMSearch.m in Sources */ = {isa = PBXBuildFile; fileRef = 2CDEEDA715794E9C0043BCBC /* TestBMSearch.m */; };
		2CE202EC14C4AFF1006BD9E3 /* Ligatures.pdf in Resources */ = {isa = PBXBuildFile; fileRef = 2CE202EB14C4AFF1006BD9E3 /* Ligatures.pdf */; };
		2CE202ED14C4B400006BD9E3 /* QuartzCore.framework in Frameworks */ = {isa = PBXBuildFile; fileRef = 2C85558F137B336C00D58482 /* QuartzCore.framework */; };
		2CE202EE14C4B41A006BD9E3 /* CoreGraphics.framework in Frameworks */ = {isa = PBXBuildFile; fileRef = 2C0E15AF13589B0B004096C7 /* CoreGraphics.framework */; };
		2CE202EF14C4B539006BD9E3 /* Ligatures.pdf in Resources */ = {isa = PBXBuildFile; fileRef = 2CE202EB14C4AFF1006BD9E3 /* Ligatures.pdf */; };
		2CE7BC9D13896EF0009784B9 /* PageView.m in Sources */ = {isa = PBXBuildFile; fileRef = 2CE7BC9B13896EF0009784B9 /* PageView.m */; };
		2CE7BCAF13896EFB009784B9 /* main.m in Sources */ = {isa = PBXBuildFile; fileRef = 2CE7BCA013896EFB009784B9 /* main.m */; };
		2CE7BCB113896EFB009784B9 /* PDFKittenAppDelegate.m in Sources */ = {isa = PBXBuildFile; fileRef = 2CE7BCA413896EFB009784B9 /* PDFKittenAppDelegate.m */; };
		2CE7BCC413897135009784B9 /* CIDType0Font.m in Sources */ = {isa = PBXBuildFile; fileRef = 2CE7BCBD13897135009784B9 /* CIDType0Font.m */; };
		2CE7BCC513897135009784B9 /* CIDType2Font.m in Sources */ = {isa = PBXBuildFile; fileRef = 2CE7BCBF13897135009784B9 /* CIDType2Font.m */; };
		2CE7BCC613897135009784B9 /* CMap.m in Sources */ = {isa = PBXBuildFile; fileRef = 2CE7BCC113897135009784B9 /* CMap.m */; };
		2CE7BCC713897135009784B9 /* CompositeFont.m in Sources */ = {isa = PBXBuildFile; fileRef = 2CE7BCC313897135009784B9 /* CompositeFont.m */; };
		2CE7BCCE1389713D009784B9 /* Font.m in Sources */ = {isa = PBXBuildFile; fileRef = 2CE7BCC91389713D009784B9 /* Font.m */; };
		2CE7BCCF1389713D009784B9 /* FontCollection.m in Sources */ = {isa = PBXBuildFile; fileRef = 2CE7BCCB1389713D009784B9 /* FontCollection.m */; };
		2CE7BCD01389713D009784B9 /* FontDescriptor.m in Sources */ = {isa = PBXBuildFile; fileRef = 2CE7BCCD1389713D009784B9 /* FontDescriptor.m */; };
		2CE7BCD313897142009784B9 /* MMType1Font.m in Sources */ = {isa = PBXBuildFile; fileRef = 2CE7BCD213897142009784B9 /* MMType1Font.m */; };
		2CE7BCD61389714F009784B9 /* SimpleFont.m in Sources */ = {isa = PBXBuildFile; fileRef = 2CE7BCD51389714F009784B9 /* SimpleFont.m */; };
		2CE7BCDF13897159009784B9 /* TrueTypeFont.m in Sources */ = {isa = PBXBuildFile; fileRef = 2CE7BCD813897159009784B9 /* TrueTypeFont.m */; };
		2CE7BCE013897159009784B9 /* Type0Font.m in Sources */ = {isa = PBXBuildFile; fileRef = 2CE7BCDA13897159009784B9 /* Type0Font.m */; };
		2CE7BCE113897159009784B9 /* Type1Font.m in Sources */ = {isa = PBXBuildFile; fileRef = 2CE7BCDC13897159009784B9 /* Type1Font.m */; };
		2CE7BCE213897159009784B9 /* Type3Font.m in Sources */ = {isa = PBXBuildFile; fileRef = 2CE7BCDE13897159009784B9 /* Type3Font.m */; };
		2CE7BCE713897245009784B9 /* Scanner.m in Sources */ = {isa = PBXBuildFile; fileRef = 2CE7BCE613897245009784B9 /* Scanner.m */; };
		2CE7BCEB1389725D009784B9 /* RenderingState.m in Sources */ = {isa = PBXBuildFile; fileRef = 2CE7BCEA1389725D009784B9 /* RenderingState.m */; };
		2CE7BCEF13897294009784B9 /* Selection.m in Sources */ = {isa = PBXBuildFile; fileRef = 2CE7BCEE13897294009784B9 /* Selection.m */; };
/* End PBXBuildFile section */

/* Begin PBXContainerItemProxy section */
		2C754CAE14B3A1EF00105B5E /* PBXContainerItemProxy */ = {
			isa = PBXContainerItemProxy;
			containerPortal = 2C0E159E13589B0B004096C7 /* Project object */;
			proxyType = 1;
			remoteGlobalIDString = 2C0E15A613589B0B004096C7;
			remoteInfo = PDFKitten;
		};
/* End PBXContainerItemProxy section */

/* Begin PBXFileReference section */
		2C06404114C782DE00A9B33F /* FontFile.h */ = {isa = PBXFileReference; fileEncoding = 4; lastKnownFileType = sourcecode.c.h; name = FontFile.h; path = PDFKitten/FontFile.h; sourceTree = SOURCE_ROOT; };
		2C06404214C782DF00A9B33F /* FontFile.m */ = {isa = PBXFileReference; fileEncoding = 4; lastKnownFileType = sourcecode.c.objc; name = FontFile.m; path = PDFKitten/FontFile.m; sourceTree = SOURCE_ROOT; };
		2C0E15AB13589B0B004096C7 /* UIKit.framework */ = {isa = PBXFileReference; lastKnownFileType = wrapper.framework; name = UIKit.framework; path = System/Library/Frameworks/UIKit.framework; sourceTree = SDKROOT; };
		2C0E15AD13589B0B004096C7 /* Foundation.framework */ = {isa = PBXFileReference; lastKnownFileType = wrapper.framework; name = Foundation.framework; path = System/Library/Frameworks/Foundation.framework; sourceTree = SDKROOT; };
		2C0E15AF13589B0B004096C7 /* CoreGraphics.framework */ = {isa = PBXFileReference; lastKnownFileType = wrapper.framework; name = CoreGraphics.framework; path = System/Library/Frameworks/CoreGraphics.framework; sourceTree = SDKROOT; };
		2C265924154D9C0E00E11745 /* RenderingStateStack.h */ = {isa = PBXFileReference; fileEncoding = 4; lastKnownFileType = sourcecode.c.h; name = RenderingStateStack.h; path = PDFKitten/RenderingStateStack.h; sourceTree = SOURCE_ROOT; };
		2C265926154D9C3900E11745 /* RenderingStateStack.m */ = {isa = PBXFileReference; fileEncoding = 4; lastKnownFileType = sourcecode.c.objc; name = RenderingStateStack.m; path = PDFKitten/RenderingStateStack.m; sourceTree = SOURCE_ROOT; };
		2C38D8E613EF370700718B0D /* Security.framework */ = {isa = PBXFileReference; lastKnownFileType = wrapper.framework; name = Security.framework; path = System/Library/Frameworks/Security.framework; sourceTree = SDKROOT; };
		2C47505C13F3E48200BC2DB9 /* DocumentsView.h */ = {isa = PBXFileReference; fileEncoding = 4; lastKnownFileType = sourcecode.c.h; name = DocumentsView.h; path = PDFKitten/DocumentsView.h; sourceTree = SOURCE_ROOT; };
		2C47505D13F3E48200BC2DB9 /* DocumentsView.m */ = {isa = PBXFileReference; fileEncoding = 4; lastKnownFileType = sourcecode.c.objc; name = DocumentsView.m; path = PDFKitten/DocumentsView.m; sourceTree = SOURCE_ROOT; };
		2C60BDC114F122E600F0846E /* Sample.cmap */ = {isa = PBXFileReference; fileEncoding = 4; lastKnownFileType = text; path = Sample.cmap; sourceTree = "<group>"; };
		2C754C9C14B3A1D700105B5E /* KittenTest.octest */ = {isa = PBXFileReference; explicitFileType = wrapper.cfbundle; includeInIndex = 0; path = KittenTest.octest; sourceTree = BUILT_PRODUCTS_DIR; };
		2C754C9D14B3A1D700105B5E /* SenTestingKit.framework */ = {isa = PBXFileReference; lastKnownFileType = wrapper.framework; name = SenTestingKit.framework; path = Library/Frameworks/SenTestingKit.framework; sourceTree = DEVELOPER_DIR; };
		2C754CA314B3A1D700105B5E /* KittenTest-Info.plist */ = {isa = PBXFileReference; lastKnownFileType = text.plist.xml; path = "KittenTest-Info.plist"; sourceTree = "<group>"; };
		2C754CA514B3A1D700105B5E /* en */ = {isa = PBXFileReference; lastKnownFileType = text.plist.strings; name = en; path = en.lproj/InfoPlist.strings; sourceTree = "<group>"; };
		2C754CA714B3A1D700105B5E /* KittenTest.h */ = {isa = PBXFileReference; lastKnownFileType = sourcecode.c.h; path = KittenTest.h; sourceTree = "<group>"; };
		2C754CA814B3A1D700105B5E /* KittenTest.m */ = {isa = PBXFileReference; lastKnownFileType = sourcecode.c.objc; path = KittenTest.m; sourceTree = "<group>"; };
		2C754CAA14B3A1D700105B5E /* KittenTest-Prefix.pch */ = {isa = PBXFileReference; lastKnownFileType = sourcecode.c.h; path = "KittenTest-Prefix.pch"; sourceTree = "<group>"; };
		2C77F7B31442381300767E6A /* Kurt the Cat.pdf */ = {isa = PBXFileReference; lastKnownFileType = image.pdf; name = "Kurt the Cat.pdf"; path = "PDFKitten/Samples/Kurt the Cat.pdf"; sourceTree = SOURCE_ROOT; };
		2C85558F137B336C00D58482 /* QuartzCore.framework */ = {isa = PBXFileReference; lastKnownFileType = wrapper.framework; name = QuartzCore.framework; path = System/Library/Frameworks/QuartzCore.framework; sourceTree = SDKROOT; };
		2CA0FC9213EEB11B0028DCCD /* RootViewController.h */ = {isa = PBXFileReference; fileEncoding = 4; lastKnownFileType = sourcecode.c.h; name = RootViewController.h; path = PDFKitten/RootViewController.h; sourceTree = SOURCE_ROOT; };
		2CA0FC9313EEB11B0028DCCD /* RootViewController.m */ = {isa = PBXFileReference; fileEncoding = 4; lastKnownFileType = sourcecode.c.objc; name = RootViewController.m; path = PDFKitten/RootViewController.m; sourceTree = SOURCE_ROOT; };
		2CA0FC9513EEB1210028DCCD /* PDFPage.h */ = {isa = PBXFileReference; fileEncoding = 4; lastKnownFileType = sourcecode.c.h; name = PDFPage.h; path = PDFKitten/PDFPage.h; sourceTree = SOURCE_ROOT; };
		2CA0FC9613EEB1210028DCCD /* PDFPage.m */ = {isa = PBXFileReference; fileEncoding = 4; lastKnownFileType = sourcecode.c.objc; name = PDFPage.m; path = PDFKitten/PDFPage.m; sourceTree = SOURCE_ROOT; };
		2CA0FC9F13EEB1B80028DCCD /* Page.h */ = {isa = PBXFileReference; fileEncoding = 4; lastKnownFileType = sourcecode.c.h; name = Page.h; path = PDFKitten/Page.h; sourceTree = SOURCE_ROOT; };
		2CA0FCA013EEB1B80028DCCD /* Page.m */ = {isa = PBXFileReference; fileEncoding = 4; lastKnownFileType = sourcecode.c.objc; name = Page.m; path = PDFKitten/Page.m; sourceTree = SOURCE_ROOT; };
		2CA0FCA213EEB1BF0028DCCD /* PageViewController.h */ = {isa = PBXFileReference; fileEncoding = 4; lastKnownFileType = sourcecode.c.h; name = PageViewController.h; path = PDFKitten/PageViewController.h; sourceTree = SOURCE_ROOT; };
		2CA0FCA313EEB1C00028DCCD /* PageViewController.m */ = {isa = PBXFileReference; fileEncoding = 4; lastKnownFileType = sourcecode.c.objc; name = PageViewController.m; path = PDFKitten/PageViewController.m; sourceTree = SOURCE_ROOT; };
		2CA0FCA413EEB1C00028DCCD /* PageViewController.xib */ = {isa = PBXFileReference; fileEncoding = 4; lastKnownFileType = file.xib; name = PageViewController.xib; path = PDFKitten/PageViewController.xib; sourceTree = SOURCE_ROOT; };
		2CC77EBF14560E2D000E9B8E /* PDFPageDetailsView.h */ = {isa = PBXFileReference; fileEncoding = 4; lastKnownFileType = sourcecode.c.h; name = PDFPageDetailsView.h; path = PDFKitten/PDFPageDetailsView.h; sourceTree = SOURCE_ROOT; };
		2CC77EC014560E2E000E9B8E /* PDFPageDetailsView.m */ = {isa = PBXFileReference; fileEncoding = 4; lastKnownFileType = sourcecode.c.objc; name = PDFPageDetailsView.m; path = PDFKitten/PDFPageDetailsView.m; sourceTree = SOURCE_ROOT; };
		2CDC3F63138972E5006CC6FB /* StringDetector.h */ = {isa = PBXFileReference; fileEncoding = 4; lastKnownFileType = sourcecode.c.h; name = StringDetector.h; path = PDFKitten/StringDetector.h; sourceTree = SOURCE_ROOT; };
		2CDC3F64138972E5006CC6FB /* StringDetector.m */ = {isa = PBXFileReference; fileEncoding = 4; lastKnownFileType = sourcecode.c.objc; name = StringDetector.m; path = PDFKitten/StringDetector.m; sourceTree = SOURCE_ROOT; };
		2CDC3F7B138977C0006CC6FB /* en */ = {isa = PBXFileReference; lastKnownFileType = text.plist.strings; name = en; path = PDFKitten/en.lproj/InfoPlist.strings; sourceTree = SOURCE_ROOT; };
		2CDC3F7D138977C1006CC6FB /* en */ = {isa = PBXFileReference; lastKnownFileType = file.xib; name = en; path = PDFKitten/en.lproj/MainWindow.xib; sourceTree = SOURCE_ROOT; };
		2CDEEDA215794E510043BCBC /* BMSearcher.h */ = {isa = PBXFileReference; fileEncoding = 4; lastKnownFileType = sourcecode.c.h; name = BMSearcher.h; path = PDFKitten/BMSearcher.h; sourceTree = SOURCE_ROOT; };
		2CDEEDA315794E510043BCBC /* BMSearcher.m */ = {isa = PBXFileReference; fileEncoding = 4; lastKnownFileType = sourcecode.c.objc; name = BMSearcher.m; path = PDFKitten/BMSearcher.m; sourceTree = SOURCE_ROOT; };
		2CDEEDA615794E9C0043BCBC /* TestBMSearch.h */ = {isa = PBXFileReference; fileEncoding = 4; lastKnownFileType = sourcecode.c.h; path = TestBMSearch.h; sourceTree = "<group>"; };
		2CDEEDA715794E9C0043BCBC /* TestBMSearch.m */ = {isa = PBXFileReference; fileEncoding = 4; lastKnownFileType = sourcecode.c.objc; path = TestBMSearch.m; sourceTree = "<group>"; };
		2CE202EB14C4AFF1006BD9E3 /* Ligatures.pdf */ = {isa = PBXFileReference; lastKnownFileType = image.pdf; path = Ligatures.pdf; sourceTree = "<group>"; };
		2CE7BC491389674B009784B9 /* PDFKitten.app */ = {isa = PBXFileReference; explicitFileType = wrapper.application; includeInIndex = 0; path = PDFKitten.app; sourceTree = BUILT_PRODUCTS_DIR; };
		2CE7BC9A13896EF0009784B9 /* PageView.h */ = {isa = PBXFileReference; fileEncoding = 4; lastKnownFileType = sourcecode.c.h; name = PageView.h; path = PDFKitten/PageView.h; sourceTree = SOURCE_ROOT; };
		2CE7BC9B13896EF0009784B9 /* PageView.m */ = {isa = PBXFileReference; fileEncoding = 4; lastKnownFileType = sourcecode.c.objc; name = PageView.m; path = PDFKitten/PageView.m; sourceTree = SOURCE_ROOT; };
		2CE7BC9F13896EFB009784B9 /* PDFKitten-Prefix.pch */ = {isa = PBXFileReference; fileEncoding = 4; lastKnownFileType = sourcecode.c.h; name = "PDFKitten-Prefix.pch"; path = "PDFKitten/PDFKitten-Prefix.pch"; sourceTree = SOURCE_ROOT; };
		2CE7BCA013896EFB009784B9 /* main.m */ = {isa = PBXFileReference; fileEncoding = 4; lastKnownFileType = sourcecode.c.objc; name = main.m; path = PDFKitten/main.m; sourceTree = SOURCE_ROOT; };
		2CE7BCA313896EFB009784B9 /* PDFKittenAppDelegate.h */ = {isa = PBXFileReference; fileEncoding = 4; lastKnownFileType = sourcecode.c.h; name = PDFKittenAppDelegate.h; path = PDFKitten/PDFKittenAppDelegate.h; sourceTree = SOURCE_ROOT; };
		2CE7BCA413896EFB009784B9 /* PDFKittenAppDelegate.m */ = {isa = PBXFileReference; fileEncoding = 4; lastKnownFileType = sourcecode.c.objc; name = PDFKittenAppDelegate.m; path = PDFKitten/PDFKittenAppDelegate.m; sourceTree = SOURCE_ROOT; };
		2CE7BCAA13896EFB009784B9 /* PDFKitten-Info.plist */ = {isa = PBXFileReference; fileEncoding = 4; lastKnownFileType = text.plist.xml; name = "PDFKitten-Info.plist"; path = "PDFKitten/PDFKitten-Info.plist"; sourceTree = SOURCE_ROOT; };
		2CE7BCBC13897135009784B9 /* CIDType0Font.h */ = {isa = PBXFileReference; fileEncoding = 4; lastKnownFileType = sourcecode.c.h; name = CIDType0Font.h; path = PDFKitten/CIDType0Font.h; sourceTree = SOURCE_ROOT; };
		2CE7BCBD13897135009784B9 /* CIDType0Font.m */ = {isa = PBXFileReference; fileEncoding = 4; lastKnownFileType = sourcecode.c.objc; name = CIDType0Font.m; path = PDFKitten/CIDType0Font.m; sourceTree = SOURCE_ROOT; };
		2CE7BCBE13897135009784B9 /* CIDType2Font.h */ = {isa = PBXFileReference; fileEncoding = 4; lastKnownFileType = sourcecode.c.h; name = CIDType2Font.h; path = PDFKitten/CIDType2Font.h; sourceTree = SOURCE_ROOT; };
		2CE7BCBF13897135009784B9 /* CIDType2Font.m */ = {isa = PBXFileReference; fileEncoding = 4; lastKnownFileType = sourcecode.c.objc; name = CIDType2Font.m; path = PDFKitten/CIDType2Font.m; sourceTree = SOURCE_ROOT; };
		2CE7BCC013897135009784B9 /* CMap.h */ = {isa = PBXFileReference; fileEncoding = 4; lastKnownFileType = sourcecode.c.h; name = CMap.h; path = PDFKitten/CMap.h; sourceTree = SOURCE_ROOT; };
		2CE7BCC113897135009784B9 /* CMap.m */ = {isa = PBXFileReference; fileEncoding = 4; lastKnownFileType = sourcecode.c.objc; name = CMap.m; path = PDFKitten/CMap.m; sourceTree = SOURCE_ROOT; };
		2CE7BCC213897135009784B9 /* CompositeFont.h */ = {isa = PBXFileReference; fileEncoding = 4; lastKnownFileType = sourcecode.c.h; name = CompositeFont.h; path = PDFKitten/CompositeFont.h; sourceTree = SOURCE_ROOT; };
		2CE7BCC313897135009784B9 /* CompositeFont.m */ = {isa = PBXFileReference; fileEncoding = 4; lastKnownFileType = sourcecode.c.objc; name = CompositeFont.m; path = PDFKitten/CompositeFont.m; sourceTree = SOURCE_ROOT; };
		2CE7BCC81389713D009784B9 /* Font.h */ = {isa = PBXFileReference; fileEncoding = 4; lastKnownFileType = sourcecode.c.h; name = Font.h; path = PDFKitten/Font.h; sourceTree = SOURCE_ROOT; };
		2CE7BCC91389713D009784B9 /* Font.m */ = {isa = PBXFileReference; fileEncoding = 4; lastKnownFileType = sourcecode.c.objc; name = Font.m; path = PDFKitten/Font.m; sourceTree = SOURCE_ROOT; };
		2CE7BCCA1389713D009784B9 /* FontCollection.h */ = {isa = PBXFileReference; fileEncoding = 4; lastKnownFileType = sourcecode.c.h; name = FontCollection.h; path = PDFKitten/FontCollection.h; sourceTree = SOURCE_ROOT; };
		2CE7BCCB1389713D009784B9 /* FontCollection.m */ = {isa = PBXFileReference; fileEncoding = 4; lastKnownFileType = sourcecode.c.objc; name = FontCollection.m; path = PDFKitten/FontCollection.m; sourceTree = SOURCE_ROOT; };
		2CE7BCCC1389713D009784B9 /* FontDescriptor.h */ = {isa = PBXFileReference; fileEncoding = 4; lastKnownFileType = sourcecode.c.h; name = FontDescriptor.h; path = PDFKitten/FontDescriptor.h; sourceTree = SOURCE_ROOT; };
		2CE7BCCD1389713D009784B9 /* FontDescriptor.m */ = {isa = PBXFileReference; fileEncoding = 4; lastKnownFileType = sourcecode.c.objc; name = FontDescriptor.m; path = PDFKitten/FontDescriptor.m; sourceTree = SOURCE_ROOT; };
		2CE7BCD113897142009784B9 /* MMType1Font.h */ = {isa = PBXFileReference; fileEncoding = 4; lastKnownFileType = sourcecode.c.h; name = MMType1Font.h; path = PDFKitten/MMType1Font.h; sourceTree = SOURCE_ROOT; };
		2CE7BCD213897142009784B9 /* MMType1Font.m */ = {isa = PBXFileReference; fileEncoding = 4; lastKnownFileType = sourcecode.c.objc; name = MMType1Font.m; path = PDFKitten/MMType1Font.m; sourceTree = SOURCE_ROOT; };
		2CE7BCD41389714F009784B9 /* SimpleFont.h */ = {isa = PBXFileReference; fileEncoding = 4; lastKnownFileType = sourcecode.c.h; name = SimpleFont.h; path = PDFKitten/SimpleFont.h; sourceTree = SOURCE_ROOT; };
		2CE7BCD51389714F009784B9 /* SimpleFont.m */ = {isa = PBXFileReference; fileEncoding = 4; lastKnownFileType = sourcecode.c.objc; name = SimpleFont.m; path = PDFKitten/SimpleFont.m; sourceTree = SOURCE_ROOT; };
		2CE7BCD713897159009784B9 /* TrueTypeFont.h */ = {isa = PBXFileReference; fileEncoding = 4; lastKnownFileType = sourcecode.c.h; name = TrueTypeFont.h; path = PDFKitten/TrueTypeFont.h; sourceTree = SOURCE_ROOT; };
		2CE7BCD813897159009784B9 /* TrueTypeFont.m */ = {isa = PBXFileReference; fileEncoding = 4; lastKnownFileType = sourcecode.c.objc; name = TrueTypeFont.m; path = PDFKitten/TrueTypeFont.m; sourceTree = SOURCE_ROOT; };
		2CE7BCD913897159009784B9 /* Type0Font.h */ = {isa = PBXFileReference; fileEncoding = 4; lastKnownFileType = sourcecode.c.h; name = Type0Font.h; path = PDFKitten/Type0Font.h; sourceTree = SOURCE_ROOT; };
		2CE7BCDA13897159009784B9 /* Type0Font.m */ = {isa = PBXFileReference; fileEncoding = 4; lastKnownFileType = sourcecode.c.objc; name = Type0Font.m; path = PDFKitten/Type0Font.m; sourceTree = SOURCE_ROOT; };
		2CE7BCDB13897159009784B9 /* Type1Font.h */ = {isa = PBXFileReference; fileEncoding = 4; lastKnownFileType = sourcecode.c.h; name = Type1Font.h; path = PDFKitten/Type1Font.h; sourceTree = SOURCE_ROOT; };
		2CE7BCDC13897159009784B9 /* Type1Font.m */ = {isa = PBXFileReference; fileEncoding = 4; lastKnownFileType = sourcecode.c.objc; name = Type1Font.m; path = PDFKitten/Type1Font.m; sourceTree = SOURCE_ROOT; };
		2CE7BCDD13897159009784B9 /* Type3Font.h */ = {isa = PBXFileReference; fileEncoding = 4; lastKnownFileType = sourcecode.c.h; name = Type3Font.h; path = PDFKitten/Type3Font.h; sourceTree = SOURCE_ROOT; };
		2CE7BCDE13897159009784B9 /* Type3Font.m */ = {isa = PBXFileReference; fileEncoding = 4; lastKnownFileType = sourcecode.c.objc; name = Type3Font.m; path = PDFKitten/Type3Font.m; sourceTree = SOURCE_ROOT; };
		2CE7BCE513897245009784B9 /* Scanner.h */ = {isa = PBXFileReference; fileEncoding = 4; lastKnownFileType = sourcecode.c.h; name = Scanner.h; path = PDFKitten/Scanner.h; sourceTree = SOURCE_ROOT; };
		2CE7BCE613897245009784B9 /* Scanner.m */ = {isa = PBXFileReference; fileEncoding = 4; lastKnownFileType = sourcecode.c.objc; name = Scanner.m; path = PDFKitten/Scanner.m; sourceTree = SOURCE_ROOT; };
		2CE7BCE91389725D009784B9 /* RenderingState.h */ = {isa = PBXFileReference; fileEncoding = 4; lastKnownFileType = sourcecode.c.h; name = RenderingState.h; path = PDFKitten/RenderingState.h; sourceTree = SOURCE_ROOT; };
		2CE7BCEA1389725D009784B9 /* RenderingState.m */ = {isa = PBXFileReference; fileEncoding = 4; lastKnownFileType = sourcecode.c.objc; name = RenderingState.m; path = PDFKitten/RenderingState.m; sourceTree = SOURCE_ROOT; };
		2CE7BCED13897293009784B9 /* Selection.h */ = {isa = PBXFileReference; fileEncoding = 4; lastKnownFileType = sourcecode.c.h; name = Selection.h; path = PDFKitten/Selection.h; sourceTree = SOURCE_ROOT; };
		2CE7BCEE13897294009784B9 /* Selection.m */ = {isa = PBXFileReference; fileEncoding = 4; lastKnownFileType = sourcecode.c.objc; name = Selection.m; path = PDFKitten/Selection.m; sourceTree = SOURCE_ROOT; };
/* End PBXFileReference section */

/* Begin PBXFrameworksBuildPhase section */
		2C0E15A413589B0B004096C7 /* Frameworks */ = {
			isa = PBXFrameworksBuildPhase;
			buildActionMask = 2147483647;
			files = (
				2C0E15AC13589B0B004096C7 /* UIKit.framework in Frameworks */,
				2C0E15AE13589B0B004096C7 /* Foundation.framework in Frameworks */,
				2C0E15B013589B0B004096C7 /* CoreGraphics.framework in Frameworks */,
				2C855590137B336C00D58482 /* QuartzCore.framework in Frameworks */,
				2C38D8E713EF370700718B0D /* Security.framework in Frameworks */,
			);
			runOnlyForDeploymentPostprocessing = 0;
		};
		2C754C9814B3A1D700105B5E /* Frameworks */ = {
			isa = PBXFrameworksBuildPhase;
			buildActionMask = 2147483647;
			files = (
				2CE202EE14C4B41A006BD9E3 /* CoreGraphics.framework in Frameworks */,
				2CE202ED14C4B400006BD9E3 /* QuartzCore.framework in Frameworks */,
				2C754C9E14B3A1D700105B5E /* SenTestingKit.framework in Frameworks */,
				2C754C9F14B3A1D700105B5E /* UIKit.framework in Frameworks */,
				2C754CA014B3A1D700105B5E /* Foundation.framework in Frameworks */,
			);
			runOnlyForDeploymentPostprocessing = 0;
		};
/* End PBXFrameworksBuildPhase section */

/* Begin PBXGroup section */
		2C0E159C13589B0B004096C7 = {
			isa = PBXGroup;
			children = (
				2C0E15B113589B0B004096C7 /* PDFKitten */,
				2C754CA114B3A1D700105B5E /* PDFKittenTests */,
				2C0E15AA13589B0B004096C7 /* Frameworks */,
				2C0E15A813589B0B004096C7 /* Products */,
			);
			sourceTree = "<group>";
		};
		2C0E15A813589B0B004096C7 /* Products */ = {
			isa = PBXGroup;
			children = (
				2CE7BC491389674B009784B9 /* PDFKitten.app */,
				2C754C9C14B3A1D700105B5E /* KittenTest.octest */,
			);
			name = Products;
			sourceTree = "<group>";
		};
		2C0E15AA13589B0B004096C7 /* Frameworks */ = {
			isa = PBXGroup;
			children = (
				2C38D8E613EF370700718B0D /* Security.framework */,
				2C85558F137B336C00D58482 /* QuartzCore.framework */,
				2C0E15AB13589B0B004096C7 /* UIKit.framework */,
				2C0E15AD13589B0B004096C7 /* Foundation.framework */,
				2C0E15AF13589B0B004096C7 /* CoreGraphics.framework */,
				2C754C9D14B3A1D700105B5E /* SenTestingKit.framework */,
			);
			name = Frameworks;
			sourceTree = "<group>";
		};
		2C0E15B113589B0B004096C7 /* PDFKitten */ = {
			isa = PBXGroup;
			children = (
				2CA0FCA713EEB32D0028DCCD /* PDF Core */,
				2C0E15B213589B0B004096C7 /* View Controllers */,
				2CA0FC9A13EEB1430028DCCD /* Resources */,
				2CA0FC9E13EEB1910028DCCD /* Other Sources */,
			);
			name = PDFKitten;
			path = PDFDemo;
			sourceTree = "<group>";
		};
		2C0E15B213589B0B004096C7 /* View Controllers */ = {
			isa = PBXGroup;
			children = (
				2C12935213E585F00090C70F /* PageViewController */,
				2CA0FC9213EEB11B0028DCCD /* RootViewController.h */,
				2CA0FC9313EEB11B0028DCCD /* RootViewController.m */,
				2CC77EBF14560E2D000E9B8E /* PDFPageDetailsView.h */,
				2CC77EC014560E2E000E9B8E /* PDFPageDetailsView.m */,
				2C47505C13F3E48200BC2DB9 /* DocumentsView.h */,
				2C47505D13F3E48200BC2DB9 /* DocumentsView.m */,
				2CE7BCA313896EFB009784B9 /* PDFKittenAppDelegate.h */,
				2CE7BCA413896EFB009784B9 /* PDFKittenAppDelegate.m */,
			);
			name = "View Controllers";
			sourceTree = "<group>";
		};
		2C12935213E585F00090C70F /* PageViewController */ = {
			isa = PBXGroup;
			children = (
				2CA0FC9513EEB1210028DCCD /* PDFPage.h */,
				2CA0FC9613EEB1210028DCCD /* PDFPage.m */,
				2CA0FC9F13EEB1B80028DCCD /* Page.h */,
				2CA0FCA013EEB1B80028DCCD /* Page.m */,
				2CE7BC9A13896EF0009784B9 /* PageView.h */,
				2CE7BC9B13896EF0009784B9 /* PageView.m */,
				2CA0FCA213EEB1BF0028DCCD /* PageViewController.h */,
				2CA0FCA313EEB1C00028DCCD /* PageViewController.m */,
				2CA0FCA413EEB1C00028DCCD /* PageViewController.xib */,
			);
			name = PageViewController;
			sourceTree = "<group>";
		};
		2C754CA114B3A1D700105B5E /* PDFKittenTests */ = {
			isa = PBXGroup;
			children = (
				2CDEEDA615794E9C0043BCBC /* TestBMSearch.h */,
				2CDEEDA715794E9C0043BCBC /* TestBMSearch.m */,
				2C754CA714B3A1D700105B5E /* KittenTest.h */,
				2C754CA814B3A1D700105B5E /* KittenTest.m */,
				2C754CA214B3A1D700105B5E /* Supporting Files */,
			);
			name = PDFKittenTests;
			path = KittenTest;
			sourceTree = "<group>";
		};
		2C754CA214B3A1D700105B5E /* Supporting Files */ = {
			isa = PBXGroup;
			children = (
				2C60BDC114F122E600F0846E /* Sample.cmap */,
				2CE202EB14C4AFF1006BD9E3 /* Ligatures.pdf */,
				2C754CA314B3A1D700105B5E /* KittenTest-Info.plist */,
				2C754CA414B3A1D700105B5E /* InfoPlist.strings */,
				2C754CAA14B3A1D700105B5E /* KittenTest-Prefix.pch */,
			);
			name = "Supporting Files";
			sourceTree = "<group>";
		};
		2CA0FC9A13EEB1430028DCCD /* Resources */ = {
			isa = PBXGroup;
			children = (
				2C77F7B31442381300767E6A /* Kurt the Cat.pdf */,
				2CDC3F7A138977C0006CC6FB /* InfoPlist.strings */,
				2CE7BCAA13896EFB009784B9 /* PDFKitten-Info.plist */,
				2CDC3F7C138977C0006CC6FB /* MainWindow.xib */,
			);
			name = Resources;
			sourceTree = "<group>";
		};
		2CA0FC9E13EEB1910028DCCD /* Other Sources */ = {
			isa = PBXGroup;
			children = (
				2CE7BC9F13896EFB009784B9 /* PDFKitten-Prefix.pch */,
				2CE7BCA013896EFB009784B9 /* main.m */,
			);
			name = "Other Sources";
			sourceTree = "<group>";
		};
		2CA0FCA713EEB32D0028DCCD /* PDF Core */ = {
			isa = PBXGroup;
			children = (
				2CE7BCE413897225009784B9 /* Scanner */,
				2CE7BCBB13897129009784B9 /* Font */,
				2CE7BCE81389724B009784B9 /* RenderingState */,
				2CDC3F61138972D4006CC6FB /* StringDetector */,
				2CE7BCEC13897264009784B9 /* Selection */,
			);
			name = "PDF Core";
			sourceTree = "<group>";
		};
		2CDC3F61138972D4006CC6FB /* StringDetector */ = {
			isa = PBXGroup;
			children = (
				2CDC3F63138972E5006CC6FB /* StringDetector.h */,
				2CDC3F64138972E5006CC6FB /* StringDetector.m */,
				2CDEEDA215794E510043BCBC /* BMSearcher.h */,
				2CDEEDA315794E510043BCBC /* BMSearcher.m */,
			);
			name = StringDetector;
			sourceTree = "<group>";
		};
		2CDC3F6613897343006CC6FB /* Simple Fonts */ = {
			isa = PBXGroup;
			children = (
				2CE7BCD41389714F009784B9 /* SimpleFont.h */,
				2CE7BCD51389714F009784B9 /* SimpleFont.m */,
				2CE7BCD713897159009784B9 /* TrueTypeFont.h */,
				2CE7BCD813897159009784B9 /* TrueTypeFont.m */,
				2CE7BCDB13897159009784B9 /* Type1Font.h */,
				2CE7BCDC13897159009784B9 /* Type1Font.m */,
				2CE7BCD113897142009784B9 /* MMType1Font.h */,
				2CE7BCD213897142009784B9 /* MMType1Font.m */,
				2CE7BCDD13897159009784B9 /* Type3Font.h */,
				2CE7BCDE13897159009784B9 /* Type3Font.m */,
			);
			name = "Simple Fonts";
			sourceTree = "<group>";
		};
		2CDC3F6713897369006CC6FB /* Composite Fonts */ = {
			isa = PBXGroup;
			children = (
				2CE7BCC213897135009784B9 /* CompositeFont.h */,
				2CE7BCC313897135009784B9 /* CompositeFont.m */,
				2CE7BCBC13897135009784B9 /* CIDType0Font.h */,
				2CE7BCBD13897135009784B9 /* CIDType0Font.m */,
				2CE7BCBE13897135009784B9 /* CIDType2Font.h */,
				2CE7BCBF13897135009784B9 /* CIDType2Font.m */,
				2CE7BCD913897159009784B9 /* Type0Font.h */,
				2CE7BCDA13897159009784B9 /* Type0Font.m */,
			);
			name = "Composite Fonts";
			sourceTree = "<group>";
		};
		2CE7BCBB13897129009784B9 /* Font */ = {
			isa = PBXGroup;
			children = (
				2CE7BCC013897135009784B9 /* CMap.h */,
				2CE7BCC113897135009784B9 /* CMap.m */,
				2CE7BCC81389713D009784B9 /* Font.h */,
				2CE7BCC91389713D009784B9 /* Font.m */,
				2CE7BCCA1389713D009784B9 /* FontCollection.h */,
				2CE7BCCB1389713D009784B9 /* FontCollection.m */,
				2CE7BCCC1389713D009784B9 /* FontDescriptor.h */,
				2CE7BCCD1389713D009784B9 /* FontDescriptor.m */,
				2CE7BCE31389715F009784B9 /* Subtypes */,
				2C06404114C782DE00A9B33F /* FontFile.h */,
				2C06404214C782DF00A9B33F /* FontFile.m */,
			);
			name = Font;
			sourceTree = "<group>";
		};
		2CE7BCE31389715F009784B9 /* Subtypes */ = {
			isa = PBXGroup;
			children = (
				2CDC3F6713897369006CC6FB /* Composite Fonts */,
				2CDC3F6613897343006CC6FB /* Simple Fonts */,
			);
			name = Subtypes;
			sourceTree = "<group>";
		};
		2CE7BCE413897225009784B9 /* Scanner */ = {
			isa = PBXGroup;
			children = (
				2CE7BCE513897245009784B9 /* Scanner.h */,
				2CE7BCE613897245009784B9 /* Scanner.m */,
			);
			name = Scanner;
			sourceTree = "<group>";
		};
		2CE7BCE81389724B009784B9 /* RenderingState */ = {
			isa = PBXGroup;
			children = (
				2CE7BCE91389725D009784B9 /* RenderingState.h */,
				2CE7BCEA1389725D009784B9 /* RenderingState.m */,
				2C265924154D9C0E00E11745 /* RenderingStateStack.h */,
				2C265926154D9C3900E11745 /* RenderingStateStack.m */,
			);
			name = RenderingState;
			sourceTree = "<group>";
		};
		2CE7BCEC13897264009784B9 /* Selection */ = {
			isa = PBXGroup;
			children = (
				2CE7BCED13897293009784B9 /* Selection.h */,
				2CE7BCEE13897294009784B9 /* Selection.m */,
			);
			name = Selection;
			sourceTree = "<group>";
		};
/* End PBXGroup section */

/* Begin PBXNativeTarget section */
		2C0E15A613589B0B004096C7 /* PDFKitten */ = {
			isa = PBXNativeTarget;
			buildConfigurationList = 2C0E15DE13589B0C004096C7 /* Build configuration list for PBXNativeTarget "PDFKitten" */;
			buildPhases = (
				2C0E15A313589B0B004096C7 /* Sources */,
				2C0E15A413589B0B004096C7 /* Frameworks */,
				2C0E15A513589B0B004096C7 /* Resources */,
			);
			buildRules = (
			);
			dependencies = (
			);
			name = PDFKitten;
			productName = PDFDemo;
			productReference = 2CE7BC491389674B009784B9 /* PDFKitten.app */;
			productType = "com.apple.product-type.application";
		};
		2C754C9B14B3A1D700105B5E /* KittenTest */ = {
			isa = PBXNativeTarget;
			buildConfigurationList = 2C754CAB14B3A1D700105B5E /* Build configuration list for PBXNativeTarget "KittenTest" */;
			buildPhases = (
				2C754C9714B3A1D700105B5E /* Sources */,
				2C754C9814B3A1D700105B5E /* Frameworks */,
				2C754C9914B3A1D700105B5E /* Resources */,
				2C754C9A14B3A1D700105B5E /* ShellScript */,
			);
			buildRules = (
			);
			dependencies = (
				2C754CAF14B3A1EF00105B5E /* PBXTargetDependency */,
			);
			name = KittenTest;
			productName = KittenTest;
			productReference = 2C754C9C14B3A1D700105B5E /* KittenTest.octest */;
			productType = "com.apple.product-type.bundle";
		};
/* End PBXNativeTarget section */

/* Begin PBXProject section */
		2C0E159E13589B0B004096C7 /* Project object */ = {
			isa = PBXProject;
			attributes = {
				LastUpgradeCheck = 0430;
				ORGANIZATIONNAME = "Chalmers Göteborg";
			};
			buildConfigurationList = 2C0E15A113589B0B004096C7 /* Build configuration list for PBXProject "PDFKitten" */;
			compatibilityVersion = "Xcode 3.2";
			developmentRegion = English;
			hasScannedForEncodings = 0;
			knownRegions = (
				en,
			);
			mainGroup = 2C0E159C13589B0B004096C7;
			productRefGroup = 2C0E15A813589B0B004096C7 /* Products */;
			projectDirPath = "";
			projectRoot = "";
			targets = (
				2C0E15A613589B0B004096C7 /* PDFKitten */,
				2C754C9B14B3A1D700105B5E /* KittenTest */,
			);
		};
/* End PBXProject section */

/* Begin PBXResourcesBuildPhase section */
		2C0E15A513589B0B004096C7 /* Resources */ = {
			isa = PBXResourcesBuildPhase;
			buildActionMask = 2147483647;
			files = (
				2CE202EF14C4B539006BD9E3 /* Ligatures.pdf in Resources */,
				2CDC3F80138977C1006CC6FB /* InfoPlist.strings in Resources */,
				2CDC3F81138977C1006CC6FB /* MainWindow.xib in Resources */,
				2CA0FCA613EEB1C00028DCCD /* PageViewController.xib in Resources */,
				2C77F7B41442381300767E6A /* Kurt the Cat.pdf in Resources */,
				2C60BDC214F122E600F0846E /* Sample.cmap in Resources */,
			);
			runOnlyForDeploymentPostprocessing = 0;
		};
		2C754C9914B3A1D700105B5E /* Resources */ = {
			isa = PBXResourcesBuildPhase;
			buildActionMask = 2147483647;
			files = (
				2C754CA614B3A1D700105B5E /* InfoPlist.strings in Resources */,
				2CE202EC14C4AFF1006BD9E3 /* Ligatures.pdf in Resources */,
				2C60BDC314F122E600F0846E /* Sample.cmap in Resources */,
			);
			runOnlyForDeploymentPostprocessing = 0;
		};
/* End PBXResourcesBuildPhase section */

/* Begin PBXShellScriptBuildPhase section */
		2C754C9A14B3A1D700105B5E /* ShellScript */ = {
			isa = PBXShellScriptBuildPhase;
			buildActionMask = 2147483647;
			files = (
			);
			inputPaths = (
			);
			outputPaths = (
			);
			runOnlyForDeploymentPostprocessing = 0;
			shellPath = /bin/sh;
			shellScript = "# Run the unit tests in this test bundle.\n\"${SYSTEM_DEVELOPER_DIR}/Tools/RunUnitTests\"\n";
		};
/* End PBXShellScriptBuildPhase section */

/* Begin PBXSourcesBuildPhase section */
		2C0E15A313589B0B004096C7 /* Sources */ = {
			isa = PBXSourcesBuildPhase;
			buildActionMask = 2147483647;
			files = (
				2CE7BC9D13896EF0009784B9 /* PageView.m in Sources */,
				2CE7BCAF13896EFB009784B9 /* main.m in Sources */,
				2CE7BCB113896EFB009784B9 /* PDFKittenAppDelegate.m in Sources */,
				2CE7BCC413897135009784B9 /* CIDType0Font.m in Sources */,
				2CE7BCC513897135009784B9 /* CIDType2Font.m in Sources */,
				2CE7BCC613897135009784B9 /* CMap.m in Sources */,
				2CE7BCC713897135009784B9 /* CompositeFont.m in Sources */,
				2CE7BCCE1389713D009784B9 /* Font.m in Sources */,
				2CE7BCCF1389713D009784B9 /* FontCollection.m in Sources */,
				2CE7BCD01389713D009784B9 /* FontDescriptor.m in Sources */,
				2CE7BCD313897142009784B9 /* MMType1Font.m in Sources */,
				2CE7BCD61389714F009784B9 /* SimpleFont.m in Sources */,
				2CE7BCDF13897159009784B9 /* TrueTypeFont.m in Sources */,
				2CE7BCE013897159009784B9 /* Type0Font.m in Sources */,
				2CE7BCE113897159009784B9 /* Type1Font.m in Sources */,
				2CE7BCE213897159009784B9 /* Type3Font.m in Sources */,
				2CE7BCE713897245009784B9 /* Scanner.m in Sources */,
				2CE7BCEB1389725D009784B9 /* RenderingState.m in Sources */,
				2CE7BCEF13897294009784B9 /* Selection.m in Sources */,
				2CDC3F65138972E5006CC6FB /* StringDetector.m in Sources */,
				2CA0FC9413EEB11B0028DCCD /* RootViewController.m in Sources */,
				2CA0FC9713EEB1210028DCCD /* PDFPage.m in Sources */,
				2CA0FCA113EEB1B80028DCCD /* Page.m in Sources */,
				2CA0FCA513EEB1C00028DCCD /* PageViewController.m in Sources */,
				2C47505F13F3E48200BC2DB9 /* DocumentsView.m in Sources */,
				2CC77EC114560E2E000E9B8E /* PDFPageDetailsView.m in Sources */,
				2C06404314C782DF00A9B33F /* FontFile.m in Sources */,
				2C265927154D9C3900E11745 /* RenderingStateStack.m in Sources */,
				2CDEEDA415794E510043BCBC /* BMSearcher.m in Sources */,
			);
			runOnlyForDeploymentPostprocessing = 0;
		};
		2C754C9714B3A1D700105B5E /* Sources */ = {
			isa = PBXSourcesBuildPhase;
			buildActionMask = 2147483647;
			files = (
				2C754CA914B3A1D700105B5E /* KittenTest.m in Sources */,
				2CDEEDA815794E9C0043BCBC /* TestBMSearch.m in Sources */,
			);
			runOnlyForDeploymentPostprocessing = 0;
		};
/* End PBXSourcesBuildPhase section */

/* Begin PBXTargetDependency section */
		2C754CAF14B3A1EF00105B5E /* PBXTargetDependency */ = {
			isa = PBXTargetDependency;
			target = 2C0E15A613589B0B004096C7 /* PDFKitten */;
			targetProxy = 2C754CAE14B3A1EF00105B5E /* PBXContainerItemProxy */;
		};
/* End PBXTargetDependency section */

/* Begin PBXVariantGroup section */
		2C754CA414B3A1D700105B5E /* InfoPlist.strings */ = {
			isa = PBXVariantGroup;
			children = (
				2C754CA514B3A1D700105B5E /* en */,
			);
			name = InfoPlist.strings;
			sourceTree = "<group>";
		};
		2CDC3F7A138977C0006CC6FB /* InfoPlist.strings */ = {
			isa = PBXVariantGroup;
			children = (
				2CDC3F7B138977C0006CC6FB /* en */,
			);
			name = InfoPlist.strings;
			sourceTree = "<group>";
		};
		2CDC3F7C138977C0006CC6FB /* MainWindow.xib */ = {
			isa = PBXVariantGroup;
			children = (
				2CDC3F7D138977C1006CC6FB /* en */,
			);
			name = MainWindow.xib;
			sourceTree = "<group>";
		};
/* End PBXVariantGroup section */

/* Begin XCBuildConfiguration section */
		2C0E15DC13589B0C004096C7 /* Debug */ = {
			isa = XCBuildConfiguration;
			buildSettings = {
				ARCHS = "$(ARCHS_UNIVERSAL_IPHONE_OS)";
				GCC_C_LANGUAGE_STANDARD = gnu99;
				GCC_OPTIMIZATION_LEVEL = 0;
				GCC_PREPROCESSOR_DEFINITIONS = DEBUG;
				GCC_SYMBOLS_PRIVATE_EXTERN = NO;
				GCC_VERSION = com.apple.compilers.llvmgcc42;
				GCC_WARN_ABOUT_RETURN_TYPE = YES;
				GCC_WARN_UNUSED_VARIABLE = YES;
				IPHONEOS_DEPLOYMENT_TARGET = 5.0;
				SDKROOT = iphoneos;
				TARGETED_DEVICE_FAMILY = 2;
			};
			name = Debug;
		};
		2C0E15DD13589B0C004096C7 /* Release */ = {
			isa = XCBuildConfiguration;
			buildSettings = {
				ARCHS = "$(ARCHS_UNIVERSAL_IPHONE_OS)";
				GCC_C_LANGUAGE_STANDARD = gnu99;
				GCC_VERSION = com.apple.compilers.llvmgcc42;
				GCC_WARN_ABOUT_RETURN_TYPE = YES;
				GCC_WARN_UNUSED_VARIABLE = YES;
				IPHONEOS_DEPLOYMENT_TARGET = 5.0;
				OTHER_CFLAGS = "-DNS_BLOCK_ASSERTIONS=1";
				SDKROOT = iphoneos;
				TARGETED_DEVICE_FAMILY = 2;
			};
			name = Release;
		};
		2C0E15DF13589B0C004096C7 /* Debug */ = {
			isa = XCBuildConfiguration;
			buildSettings = {
				ALWAYS_SEARCH_USER_PATHS = NO;
				COPY_PHASE_STRIP = NO;
				FRAMEWORK_SEARCH_PATHS = (
					"$(inherited)",
					"\"$(SRCROOT)\"",
				);
				GCC_DYNAMIC_NO_PIC = NO;
				GCC_PRECOMPILE_PREFIX_HEADER = YES;
				GCC_PREFIX_HEADER = "PDFKitten/PDFKitten-Prefix.pch";
				GCC_VERSION = com.apple.compilers.llvm.clang.1_0;
				INFOPLIST_FILE = "PDFKitten/PDFKitten-Info.plist";
				IPHONEOS_DEPLOYMENT_TARGET = 4.3;
				PRODUCT_NAME = PDFKitten;
				WRAPPER_EXTENSION = app;
			};
			name = Debug;
		};
		2C0E15E013589B0C004096C7 /* Release */ = {
			isa = XCBuildConfiguration;
			buildSettings = {
				ALWAYS_SEARCH_USER_PATHS = NO;
				COPY_PHASE_STRIP = YES;
				FRAMEWORK_SEARCH_PATHS = (
					"$(inherited)",
					"\"$(SRCROOT)\"",
				);
				GCC_PRECOMPILE_PREFIX_HEADER = YES;
				GCC_PREFIX_HEADER = "PDFKitten/PDFKitten-Prefix.pch";
				GCC_VERSION = com.apple.compilers.llvm.clang.1_0;
				INFOPLIST_FILE = "PDFKitten/PDFKitten-Info.plist";
				IPHONEOS_DEPLOYMENT_TARGET = 4.3;
				PRODUCT_NAME = PDFKitten;
				VALIDATE_PRODUCT = YES;
				WRAPPER_EXTENSION = app;
			};
			name = Release;
		};
		2C754CAC14B3A1D700105B5E /* Debug */ = {
			isa = XCBuildConfiguration;
			buildSettings = {
				ALWAYS_SEARCH_USER_PATHS = NO;
				ARCHS = "$(ARCHS_STANDARD_32_BIT)";
				BUNDLE_LOADER = "$(BUILT_PRODUCTS_DIR)/PDFKitten.app/PDFKitten";
				CLANG_ENABLE_OBJC_ARC = YES;
				COPY_PHASE_STRIP = NO;
				FRAMEWORK_SEARCH_PATHS = (
					"$(SDKROOT)/Developer/Library/Frameworks",
					"$(DEVELOPER_LIBRARY_DIR)/Frameworks",
				);
				GCC_DYNAMIC_NO_PIC = NO;
				GCC_PRECOMPILE_PREFIX_HEADER = YES;
				GCC_PREFIX_HEADER = "KittenTest/KittenTest-Prefix.pch";
				GCC_PREPROCESSOR_DEFINITIONS = (
					"DEBUG=1",
					"$(inherited)",
				);
				GCC_VERSION = com.apple.compilers.llvm.clang.1_0;
				GCC_WARN_ABOUT_MISSING_PROTOTYPES = YES;
				INFOPLIST_FILE = "KittenTest/KittenTest-Info.plist";
				PRODUCT_NAME = "$(TARGET_NAME)";
				TEST_HOST = "$(BUNDLE_LOADER)";
				WRAPPER_EXTENSION = octest;
			};
			name = Debug;
		};
		2C754CAD14B3A1D700105B5E /* Release */ = {
			isa = XCBuildConfiguration;
			buildSettings = {
				ALWAYS_SEARCH_USER_PATHS = NO;
				ARCHS = "$(ARCHS_STANDARD_32_BIT)";
				BUNDLE_LOADER = "$(BUILT_PRODUCTS_DIR)/PDFKitten.app/PDFKitten";
				CLANG_ENABLE_OBJC_ARC = YES;
				COPY_PHASE_STRIP = YES;
				FRAMEWORK_SEARCH_PATHS = (
					"$(SDKROOT)/Developer/Library/Frameworks",
					"$(DEVELOPER_LIBRARY_DIR)/Frameworks",
				);
				GCC_PRECOMPILE_PREFIX_HEADER = YES;
				GCC_PREFIX_HEADER = "KittenTest/KittenTest-Prefix.pch";
				GCC_VERSION = com.apple.compilers.llvm.clang.1_0;
				GCC_WARN_ABOUT_MISSING_PROTOTYPES = YES;
				INFOPLIST_FILE = "KittenTest/KittenTest-Info.plist";
				PRODUCT_NAME = "$(TARGET_NAME)";
				TEST_HOST = "$(BUNDLE_LOADER)";
				VALIDATE_PRODUCT = YES;
				WRAPPER_EXTENSION = octest;
			};
			name = Release;
		};
/* End XCBuildConfiguration section */

/* Begin XCConfigurationList section */
		2C0E15A113589B0B004096C7 /* Build configuration list for PBXProject "PDFKitten" */ = {
			isa = XCConfigurationList;
			buildConfigurations = (
				2C0E15DC13589B0C004096C7 /* Debug */,
				2C0E15DD13589B0C004096C7 /* Release */,
			);
			defaultConfigurationIsVisible = 0;
			defaultConfigurationName = Release;
		};
		2C0E15DE13589B0C004096C7 /* Build configuration list for PBXNativeTarget "PDFKitten" */ = {
			isa = XCConfigurationList;
			buildConfigurations = (
				2C0E15DF13589B0C004096C7 /* Debug */,
				2C0E15E013589B0C004096C7 /* Release */,
			);
			defaultConfigurationIsVisible = 0;
			defaultConfigurationName = Release;
		};
		2C754CAB14B3A1D700105B5E /* Build configuration list for PBXNativeTarget "KittenTest" */ = {
			isa = XCConfigurationList;
			buildConfigurations = (
				2C754CAC14B3A1D700105B5E /* Debug */,
				2C754CAD14B3A1D700105B5E /* Release */,
			);
			defaultConfigurationIsVisible = 0;
			defaultConfigurationName = Release;
		};
/* End XCConfigurationList section */
	};
	rootObject = 2C0E159E13589B0B004096C7 /* Project object */;
}
